
Microsoft Visual Studio Solution File, Format Version 12.00
# Visual Studio Express 2012 for Web
Project("{FAE04EC0-301F-11D3-BF4B-00C04F79EFBC}") = "acute", "acute\acute.csproj", "{916A0C7C-7A56-42E0-9E77-6D8D4E493ADF}"
EndProject
Global
	GlobalSection(SolutionConfigurationPlatforms) = preSolution
		Debug|Any CPU = Debug|Any CPU
		Release|Any CPU = Release|Any CPU
	EndGlobalSection
	GlobalSection(ProjectConfigurationPlatforms) = postSolution
		{916A0C7C-7A56-42E0-9E77-6D8D4E493ADF}.Debug|Any CPU.ActiveCfg = Debug|Any CPU
		{916A0C7C-7A56-42E0-9E77-6D8D4E493ADF}.Debug|Any CPU.Build.0 = Debug|Any CPU
		{916A0C7C-7A56-42E0-9E77-6D8D4E493ADF}.Release|Any CPU.ActiveCfg = Release|Any CPU
		{916A0C7C-7A56-42E0-9E77-6D8D4E493ADF}.Release|Any CPU.Build.0 = Release|Any CPU
	EndGlobalSection
	GlobalSection(SolutionProperties) = preSolution
		HideSolutionNode = FALSE
	EndGlobalSection
EndGlobal
